{
  "name": "api_csvtosql",
  "version": "1.0.0",
  "lockfileVersion": 2,
  "requires": true,
  "packages": {
    "": {
      "name": "api_csvtosql",
      "version": "1.0.0",
      "license": "ISC",
      "dependencies": {
        "csv2sql-lite": "^0.0.6"
      }
    },
    "node_modules/csv2sql-lite": {
      "version": "0.0.6",
      "resolved": "https://registry.npmjs.org/csv2sql-lite/-/csv2sql-lite-0.0.6.tgz",
      "integrity": "sha1-IohBkZdOVJ13LiMKFfbohZmrsz0="
    }
  },
  "dependencies": {
    "csv2sql-lite": {
      "version": "0.0.6",
      "resolved": "https://registry.npmjs.org/csv2sql-lite/-/csv2sql-lite-0.0.6.tgz",
      "integrity": "sha1-IohBkZdOVJ13LiMKFfbohZmrsz0="
    }
  }
}
